bou.ke/monkey v1.0.1/go.mod h1:FgHuK96Rv2Nlf+0u1OOVDpCMdsWyOFmeeketDHE7LIg=
github.com/davecgh/go-spew v1.1.1/go.mod h1:J7Y8YcW2NihsgmVo/mv3lAwl/skON4iLHjSsI+c5H38=
github.com/eclipse/paho.mqtt.golang v1.1.1 h1:iPJYXJLaViCshRTW/PSqImSS6HJ2Rf671WR0bXZ2GIU=
github.com/eclipse/paho.mqtt.golang v1.1.1/go.mod h1:H9keYFcgq3Qr5OUJm/JZI/i6U7joQ8SYLhZwfeOo6Ts=
github.com/flimzy/diff v0.1.5/go.mod h1:lFJtC7SPsK0EroDmGTSrdtWKAxOk3rO+q+e04LL05Hs=
github.com/flimzy/testy v0.1.17-0.20190521133342-95b386c3ece6/go.mod h1:3szguN8NXqgq9bt9Gu8TQVj698PJWmyx/VY1frwwKrM=
github.com/globalsign/mgo v0.0.0-20180615134936-113d3961e731 h1:y7wyeiA6T+TT+HGC9DYypvLkUeg99N4rqHMzn2MmjYk=
github.com/globalsign/mgo v0.0.0-20180615134936-113d3961e731/go.mod h1:xkRDCp4j0OGD1HRkm4kmhM+pmpv3AKq5SU7GMg4oO/Q=
github.com/go-kivik/couchdb v1.8.1 h1:2yjmysS48JYpyWTkx2E3c7ASZP8Kh0eABWnkKlV8bbw=
github.com/go-kivik/couchdb v2.0.0+incompatible h1:DsXVuGJTng04Guz8tg7jGVQ53RlByEhk+gPB/1yo3Oo=
github.com/go-kivik/couchdb v2.0.0+incompatible/go.mod h1:5XJRkAMpBlEVA4q0ktIZjUPYBjoBmRoiWvwUBzP3BOQ=
github.com/go-kivik/couchdb/v3 v3.2.1 h1:kLdn0coF5fN2/9c8PQ9sqLFldgxnHgKStfdrojMlAaM=
github.com/go-kivik/couchdb/v3 v3.2.1/go.mod h1:CM45FyvssL8nyJJRGUFVeqSD31BZ3vUGhyvhopfxzGM=
github.com/go-kivik/kivik v1.8.1 h1:GScP1mS5wP2km2awszvKzPEjC21lYjQGr3GY+4a/o2U=
github.com/go-kivik/kivik v2.0.0+incompatible h1:/7hgr29DKv/vlaJsUoyRlOFq0K+3ikz0wTbu+cIs7QY=
github.com/go-kivik/kivik v2.0.0+incompatible/go.mod h1:nIuJ8z4ikBrVUSk3Ua8NoDqYKULPNjuddjqRvlSUyyQ=
github.com/go-kivik/kivik/v3 v3.0.1/go.mod h1:7tmQDvkta/pcijpUjLMsQ9HJUELiKD5zm6jQ3Gb9cxE=
github.com/go-kivik/kivik/v3 v3.2.0 h1:YQ6j89DrQwNdMdpWioObEP+pYTSAtF58HomS5ROfKc0=
github.com/go-kivik/kivik/v3 v3.2.0/go.mod h1:chqVuHKAU9j2C7qL0cAH2FCO26oL+0B4aIBeCRMnLa8=
github.com/go-kivik/kiviktest/v3 v3.0.2/go.mod h1:sqsz3M2sJxTxAUdOj+2SU21y4phcpYc0FJIn+hbf1D0=
github.com/go-stack/stack v1.8.0/go.mod h1:v0f6uXyyMGvRgIKkXu+yp6POWl0qKG85gN/melR3HDY=
github.com/golang/glog v0.0.0-20160126235308-23def4e6c14b h1:VKtxabqXZkF25pY9ekfRL6a582T4P37/31XEstQ5p58=
github.com/golang/glog v0.0.0-20160126235308-23def4e6c14b/go.mod h1:SBH7ygxi8pfUlaOkMMuAQtPIUF8ecWP5IEl/CR7VP2Q=
github.com/google/uuid v1.1.0 h1:Jf4mxPC/ziBnoPIdpQdPJ9OeiomAUHLvxmPRSPH9m4s=
github.com/google/uuid v1.1.0/go.mod h1:TIyPZe4MgqvfeYDBFedMoGGpEw/LqOeaOT+nhxU+yHo=
github.com/gopherjs/gopherjs v0.0.0-20180825215210-0210a2f0f73c/go.mod h1:wJfORRmW1u3UXTncJ5qlYoELFm8eSnnEO6hX4iZ3EWY=
github.com/gopherjs/gopherjs v0.0.0-20200209144316-f9cef593def5/go.mod h1:wJfORRmW1u3UXTncJ5qlYoELFm8eSnnEO6hX4iZ3EWY=
github.com/open-horizon/edge-sync-service-client v0.0.0-20190711093406-dc3a19905da2 h1:ZmX/tuCgFVbe07pqObNWf14cAYpHN8gVRSkWnbtSUW4=
github.com/open-horizon/edge-sync-service-client v0.0.0-20190711093406-dc3a19905da2/go.mod h1:rKW01VtqwtwaUQ+zkJ80X5EeGqsTblQE4J9HxPUtTAQ=
github.com/open-horizon/edge-utilities v0.0.0-20190711093331-0908b45a7152 h1:YEvNOMo3ANOQ3AwsU0cCcBA4nKHDLUlyUCRWk5rBf68=
github.com/open-horizon/edge-utilities v0.0.0-20190711093331-0908b45a7152/go.mod h1:YCsJWhuG0VERquI0geFKoneCSOVAyMdSmylGz5OlZdE=
github.com/otiai10/copy v1.0.2/go.mod h1:c7RpqBkwMom4bYTSkLSym4VSJz/XtncWRAj/J4PEIMY=
github.com/otiai10/curr v0.0.0-20150429015615-9b4961190c95/go.mod h1:9qAhocn7zKJG+0mI8eUu6xqkFDYS2kb2saOteoSB3cE=
github.com/otiai10/curr v0.0.0-20190513014714-f5a3d24e5776/go.mod h1:3HNVkVOU7vZeFXocWuvtcS0XSFLcf2XUSDHkq9t1jU4=
github.com/otiai10/mint v1.2.4/go.mod h1:d+b7n/0R3tdyUYYylALXpWQ/kTN+QobSq/4SRGBkR3M=
github.com/otiai10/mint v1.3.0/go.mod h1:F5AjcsTsWUqX+Na9fpHb52P8pcRX2CI6A3ctIT91xUo=
github.com/pkg/errors v0.8.1/go.mod h1:bwawxfHBFNV+L2hUp1rHADufV3IMtnDRdf1r5NINEl0=
github.com/pkg/errors v0.9.1/go.mod h1:bwawxfHBFNV+L2hUp1rHADufV3IMtnDRdf1r5NINEl0=
github.com/pmezard/go-difflib v1.0.0/go.mod h1:iKH77koFhYxTK1pcRnkKkqfTogsbg7gZNVY4sRDYZ/4=
gitlab.com/flimzy/testy v0.0.3/go.mod h1:YObF4cq711ubd/3U0ydRQQVz7Cnq/ChgJpVwNr/AJac=
go.etcd.io/bbolt v1.3.4 h1:hi1bXHMVrlQh6WwxAy+qZCV/SYIlqo+Ushwdpa4tAKg=
go.etcd.io/bbolt v1.3.4/go.mod h1:G5EMThwa9y8QZGBClrRx5EY+Yw9kAhnjy3bSjsnlVTQ=
golang.org/x/crypto v0.0.0-20190308221718-c2843e01d9a2/go.mod h1:djNgcEr1/C05ACkg1iLfiJU5Ep61QUkGW8qpdssI0+w=
golang.org/x/net v0.0.0-20190206173232-65e2d4e15006 h1:bfLnR+k0tq5Lqt6dflRLcZiz6UaXCMt3vhYJ1l4FQ80=
golang.org/x/net v0.0.0-20190206173232-65e2d4e15006/go.mod h1:mL1N/T3taQHkDXs73rZJwtUhF3w3ftmwwsq0BUmARs4=
golang.org/x/net v0.0.0-20200202094626-16171245cfb2 h1:CCH4IOTTfewWjGOlSp+zGcjutRKlBEZQ6wTn8ozI/nI=
golang.org/x/net v0.0.0-20200202094626-16171245cfb2/go.mod h1:z5CRVTTTmAJ677TzLLGU+0bjPO0LkuOLi4/5GtJWs/s=
golang.org/x/sys v0.0.0-20190209173611-3b5209105503/go.mod h1:STP8DvDyc/dI5b8T5hshtkjS+E42TnysNCUPdjciGhY=
golang.org/x/sys v0.0.0-20190215142949-d0b11bdaac8a/go.mod h1:STP8DvDyc/dI5b8T5hshtkjS+E42TnysNCUPdjciGhY=
golang.org/x/sys v0.0.0-20200202164722-d101bd2416d5 h1:LfCXLvNmTYH9kEmVgqbnsWfruoXZIrh4YBgqVHtDvw0=
golang.org/x/sys v0.0.0-20200202164722-d101bd2416d5/go.mod h1:h1NjWce9XRLGQEsW7wpKNCjG9DtNlClVuFLEZdDNbEs=
golang.org/x/text v0.3.0/go.mod h1:NqM8EUOU14njkJ3fqMW+pc6Ldnwhi/IjpwHt7yyuwOQ=
golang.org/x/xerrors v0.0.0-20190717185122-a985d3407aa7/go.mod h1:I/5z698sn9Ka8TeJc9MKroUUfqBBauWjQqLJ2OPfmY0=
golang.org/x/xerrors v0.0.0-20191204190536-9bdfabe68543 h1:E7g+9GITq07hpfrRu66IVDexMakfv52eLZ2CXBWiKr4=
golang.org/x/xerrors v0.0.0-20191204190536-9bdfabe68543/go.mod h1:I/5z698sn9Ka8TeJc9MKroUUfqBBauWjQqLJ2OPfmY0=
